lockfileVersion: '9.0'

settings:
  autoInstallPeers: true
  excludeLinksFromLockfile: false

importers:

  .:
    dependencies:
      '@iconify/svelte':
        specifier: ^4.1.0
        version: 4.1.0(svelte@5.9.1)
      '@supabase/ssr':
        specifier: ^0.5.2
        version: 0.5.2(@supabase/supabase-js@2.47.3)
      '@supabase/supabase-js':
        specifier: ^2.47.3
        version: 2.47.3
      read-excel-file:
        specifier: ^5.8.6
        version: 5.8.6
      sass:
        specifier: ^1.82.0
        version: 1.82.0
      xlsx:
        specifier: ^0.18.5
        version: 0.18.5
    devDependencies:
      '@sveltejs/adapter-auto':
        specifier: ^3.3.1
        version: 3.3.1(@sveltejs/kit@2.9.0(@sveltejs/vite-plugin-svelte@4.0.2(svelte@5.9.1)(vite@5.4.11(@types/node@22.10.1)(sass@1.82.0)))(svelte@5.9.1)(vite@5.4.11(@types/node@22.10.1)(sass@1.82.0)))
      '@sveltejs/kit':
        specifier: ^2.9.0
        version: 2.9.0(@sveltejs/vite-plugin-svelte@4.0.2(svelte@5.9.1)(vite@5.4.11(@types/node@22.10.1)(sass@1.82.0)))(svelte@5.9.1)(vite@5.4.11(@types/node@22.10.1)(sass@1.82.0))
      '@sveltejs/vite-plugin-svelte':
        specifier: ^4.0.2
        version: 4.0.2(svelte@5.9.1)(vite@5.4.11(@types/node@22.10.1)(sass@1.82.0))
      svelte:
        specifier: ^5.9.1
        version: 5.9.1
      svelte-check:
        specifier: ^4.1.1
        version: 4.1.1(svelte@5.9.1)(typescript@5.7.2)
      typescript:
        specifier: ^5.7.2
        version: 5.7.2
      vite:
        specifier: ^5.4.11
        version: 5.4.11(@types/node@22.10.1)(sass@1.82.0)

packages:

  '@ampproject/remapping@2.3.0':
    resolution: {integrity: sha512-30iZtAPgz+LTIYoeivqYo853f02jBYSd5uGnGpkFV0M3xOt9aN73erkgYAmZU43x4VfqcnLxW9Kpg3R5LC4YYw==}
    engines: {node: '>=6.0.0'}

  '@esbuild/aix-ppc64@0.21.5':
    resolution: {integrity: sha512-1SDgH6ZSPTlggy1yI6+Dbkiz8xzpHJEVAlF/AM1tHPLsf5STom9rwtjE4hKAF20FfXXNTFqEYXyJNWh1GiZedQ==}
    engines: {node: '>=12'}
    cpu: [ppc64]
    os: [aix]

  '@esbuild/android-arm64@0.21.5':
    resolution: {integrity: sha512-c0uX9VAUBQ7dTDCjq+wdyGLowMdtR/GoC2U5IYk/7D1H1JYC0qseD7+11iMP2mRLN9RcCMRcjC4YMclCzGwS/A==}
    engines: {node: '>=12'}
    cpu: [arm64]
    os: [android]

  '@esbuild/android-arm@0.21.5':
    resolution: {integrity: sha512-vCPvzSjpPHEi1siZdlvAlsPxXl7WbOVUBBAowWug4rJHb68Ox8KualB+1ocNvT5fjv6wpkX6o/iEpbDrf68zcg==}
    engines: {node: '>=12'}
    cpu: [arm]
    os: [android]

  '@esbuild/android-x64@0.21.5':
    resolution: {integrity: sha512-D7aPRUUNHRBwHxzxRvp856rjUHRFW1SdQATKXH2hqA0kAZb1hKmi02OpYRacl0TxIGz/ZmXWlbZgjwWYaCakTA==}
    engines: {node: '>=12'}
    cpu: [x64]
    os: [android]

  '@esbuild/darwin-arm64@0.21.5':
    resolution: {integrity: sha512-DwqXqZyuk5AiWWf3UfLiRDJ5EDd49zg6O9wclZ7kUMv2WRFr4HKjXp/5t8JZ11QbQfUS6/cRCKGwYhtNAY88kQ==}
    engines: {node: '>=12'}
    cpu: [arm64]
    os: [darwin]

  '@esbuild/darwin-x64@0.21.5':
    resolution: {integrity: sha512-se/JjF8NlmKVG4kNIuyWMV/22ZaerB+qaSi5MdrXtd6R08kvs2qCN4C09miupktDitvh8jRFflwGFBQcxZRjbw==}
    engines: {node: '>=12'}
    cpu: [x64]
    os: [darwin]

  '@esbuild/freebsd-arm64@0.21.5':
    resolution: {integrity: sha512-5JcRxxRDUJLX8JXp/wcBCy3pENnCgBR9bN6JsY4OmhfUtIHe3ZW0mawA7+RDAcMLrMIZaf03NlQiX9DGyB8h4g==}
    engines: {node: '>=12'}
    cpu: [arm64]
    os: [freebsd]

  '@esbuild/freebsd-x64@0.21.5':
    resolution: {integrity: sha512-J95kNBj1zkbMXtHVH29bBriQygMXqoVQOQYA+ISs0/2l3T9/kj42ow2mpqerRBxDJnmkUDCaQT/dfNXWX/ZZCQ==}
    engines: {node: '>=12'}
    cpu: [x64]
    os: [freebsd]

  '@esbuild/linux-arm64@0.21.5':
    resolution: {integrity: sha512-ibKvmyYzKsBeX8d8I7MH/TMfWDXBF3db4qM6sy+7re0YXya+K1cem3on9XgdT2EQGMu4hQyZhan7TeQ8XkGp4Q==}
    engines: {node: '>=12'}
    cpu: [arm64]
    os: [linux]

  '@esbuild/linux-arm@0.21.5':
    resolution: {integrity: sha512-bPb5AHZtbeNGjCKVZ9UGqGwo8EUu4cLq68E95A53KlxAPRmUyYv2D6F0uUI65XisGOL1hBP5mTronbgo+0bFcA==}
    engines: {node: '>=12'}
    cpu: [arm]
    os: [linux]

  '@esbuild/linux-ia32@0.21.5':
    resolution: {integrity: sha512-YvjXDqLRqPDl2dvRODYmmhz4rPeVKYvppfGYKSNGdyZkA01046pLWyRKKI3ax8fbJoK5QbxblURkwK/MWY18Tg==}
    engines: {node: '>=12'}
    cpu: [ia32]
    os: [linux]

  '@esbuild/linux-loong64@0.21.5':
    resolution: {integrity: sha512-uHf1BmMG8qEvzdrzAqg2SIG/02+4/DHB6a9Kbya0XDvwDEKCoC8ZRWI5JJvNdUjtciBGFQ5PuBlpEOXQj+JQSg==}
    engines: {node: '>=12'}
    cpu: [loong64]
    os: [linux]

  '@esbuild/linux-mips64el@0.21.5':
    resolution: {integrity: sha512-IajOmO+KJK23bj52dFSNCMsz1QP1DqM6cwLUv3W1QwyxkyIWecfafnI555fvSGqEKwjMXVLokcV5ygHW5b3Jbg==}
    engines: {node: '>=12'}
    cpu: [mips64el]
    os: [linux]

  '@esbuild/linux-ppc64@0.21.5':
    resolution: {integrity: sha512-1hHV/Z4OEfMwpLO8rp7CvlhBDnjsC3CttJXIhBi+5Aj5r+MBvy4egg7wCbe//hSsT+RvDAG7s81tAvpL2XAE4w==}
    engines: {node: '>=12'}
    cpu: [ppc64]
    os: [linux]

  '@esbuild/linux-riscv64@0.21.5':
    resolution: {integrity: sha512-2HdXDMd9GMgTGrPWnJzP2ALSokE/0O5HhTUvWIbD3YdjME8JwvSCnNGBnTThKGEB91OZhzrJ4qIIxk/SBmyDDA==}
    engines: {node: '>=12'}
    cpu: [riscv64]
    os: [linux]

  '@esbuild/linux-s390x@0.21.5':
    resolution: {integrity: sha512-zus5sxzqBJD3eXxwvjN1yQkRepANgxE9lgOW2qLnmr8ikMTphkjgXu1HR01K4FJg8h1kEEDAqDcZQtbrRnB41A==}
    engines: {node: '>=12'}
    cpu: [s390x]
    os: [linux]

  '@esbuild/linux-x64@0.21.5':
    resolution: {integrity: sha512-1rYdTpyv03iycF1+BhzrzQJCdOuAOtaqHTWJZCWvijKD2N5Xu0TtVC8/+1faWqcP9iBCWOmjmhoH94dH82BxPQ==}
    engines: {node: '>=12'}
    cpu: [x64]
    os: [linux]

  '@esbuild/netbsd-x64@0.21.5':
    resolution: {integrity: sha512-Woi2MXzXjMULccIwMnLciyZH4nCIMpWQAs049KEeMvOcNADVxo0UBIQPfSmxB3CWKedngg7sWZdLvLczpe0tLg==}
    engines: {node: '>=12'}
    cpu: [x64]
    os: [netbsd]

  '@esbuild/openbsd-x64@0.21.5':
    resolution: {integrity: sha512-HLNNw99xsvx12lFBUwoT8EVCsSvRNDVxNpjZ7bPn947b8gJPzeHWyNVhFsaerc0n3TsbOINvRP2byTZ5LKezow==}
    engines: {node: '>=12'}
    cpu: [x64]
    os: [openbsd]

  '@esbuild/sunos-x64@0.21.5':
    resolution: {integrity: sha512-6+gjmFpfy0BHU5Tpptkuh8+uw3mnrvgs+dSPQXQOv3ekbordwnzTVEb4qnIvQcYXq6gzkyTnoZ9dZG+D4garKg==}
    engines: {node: '>=12'}
    cpu: [x64]
    os: [sunos]

  '@esbuild/win32-arm64@0.21.5':
    resolution: {integrity: sha512-Z0gOTd75VvXqyq7nsl93zwahcTROgqvuAcYDUr+vOv8uHhNSKROyU961kgtCD1e95IqPKSQKH7tBTslnS3tA8A==}
    engines: {node: '>=12'}
    cpu: [arm64]
    os: [win32]

  '@esbuild/win32-ia32@0.21.5':
    resolution: {integrity: sha512-SWXFF1CL2RVNMaVs+BBClwtfZSvDgtL//G/smwAc5oVK/UPu2Gu9tIaRgFmYFFKrmg3SyAjSrElf0TiJ1v8fYA==}
    engines: {node: '>=12'}
    cpu: [ia32]
    os: [win32]

  '@esbuild/win32-x64@0.21.5':
    resolution: {integrity: sha512-tQd/1efJuzPC6rCFwEvLtci/xNFcTZknmXs98FYDfGE4wP9ClFV98nyKrzJKVPMhdDnjzLhdUyMX4PsQAPjwIw==}
    engines: {node: '>=12'}
    cpu: [x64]
    os: [win32]

  '@iconify/svelte@4.1.0':
    resolution: {integrity: sha512-6oLonIDZHXPcQa9ZKbJocaOUMOV+ALeGPVDfex/lwdlHRNUxtJzI6pu121SaoVoXpRGSAYXB/VCv/MuYzCjn5w==}
    peerDependencies:
      svelte: '>4.0.0'

  '@iconify/types@2.0.0':
    resolution: {integrity: sha512-+wluvCrRhXrhyOmRDJ3q8mux9JkKy5SJ/v8ol2tu4FVjyYvtEzkc/3pK15ET6RKg4b4w4BmTk1+gsCUhf21Ykg==}

  '@jridgewell/gen-mapping@0.3.5':
    resolution: {integrity: sha512-IzL8ZoEDIBRWEzlCcRhOaCupYyN5gdIK+Q6fbFdPDg6HqX6jpkItn7DFIpW9LQzXG6Df9sA7+OKnq0qlz/GaQg==}
    engines: {node: '>=6.0.0'}

  '@jridgewell/resolve-uri@3.1.2':
    resolution: {integrity: sha512-bRISgCIjP20/tbWSPWMEi54QVPRZExkuD9lJL+UIxUKtwVJA8wW1Trb1jMs1RFXo1CBTNZ/5hpC9QvmKWdopKw==}
    engines: {node: '>=6.0.0'}

  '@jridgewell/set-array@1.2.1':
    resolution: {integrity: sha512-R8gLRTZeyp03ymzP/6Lil/28tGeGEzhx1q2k703KGWRAI1VdvPIXdG70VJc2pAMw3NA6JKL5hhFu1sJX0Mnn/A==}
    engines: {node: '>=6.0.0'}

  '@jridgewell/sourcemap-codec@1.5.0':
    resolution: {integrity: sha512-gv3ZRaISU3fjPAgNsriBRqGWQL6quFx04YMPW/zD8XMLsU32mhCCbfbO6KZFLjvYpCZ8zyDEgqsgf+PwPaM7GQ==}

  '@jridgewell/trace-mapping@0.3.25':
    resolution: {integrity: sha512-vNk6aEwybGtawWmy/PzwnGDOjCkLWSD2wqvjGGAgOAwCGWySYXfYoxt00IJkTF+8Lb57DwOb3Aa0o9CApepiYQ==}

  '@parcel/watcher-android-arm64@2.5.0':
    resolution: {integrity: sha512-qlX4eS28bUcQCdribHkg/herLe+0A9RyYC+mm2PXpncit8z5b3nSqGVzMNR3CmtAOgRutiZ02eIJJgP/b1iEFQ==}
    engines: {node: '>= 10.0.0'}
    cpu: [arm64]
    os: [android]

  '@parcel/watcher-darwin-arm64@2.5.0':
    resolution: {integrity: sha512-hyZ3TANnzGfLpRA2s/4U1kbw2ZI4qGxaRJbBH2DCSREFfubMswheh8TeiC1sGZ3z2jUf3s37P0BBlrD3sjVTUw==}
    engines: {node: '>= 10.0.0'}
    cpu: [arm64]
    os: [darwin]

  '@parcel/watcher-darwin-x64@2.5.0':
    resolution: {integrity: sha512-9rhlwd78saKf18fT869/poydQK8YqlU26TMiNg7AIu7eBp9adqbJZqmdFOsbZ5cnLp5XvRo9wcFmNHgHdWaGYA==}
    engines: {node: '>= 10.0.0'}
    cpu: [x64]
    os: [darwin]

  '@parcel/watcher-freebsd-x64@2.5.0':
    resolution: {integrity: sha512-syvfhZzyM8kErg3VF0xpV8dixJ+RzbUaaGaeb7uDuz0D3FK97/mZ5AJQ3XNnDsXX7KkFNtyQyFrXZzQIcN49Tw==}
    engines: {node: '>= 10.0.0'}
    cpu: [x64]
    os: [freebsd]

  '@parcel/watcher-linux-arm-glibc@2.5.0':
    resolution: {integrity: sha512-0VQY1K35DQET3dVYWpOaPFecqOT9dbuCfzjxoQyif1Wc574t3kOSkKevULddcR9znz1TcklCE7Ht6NIxjvTqLA==}
    engines: {node: '>= 10.0.0'}
    cpu: [arm]
    os: [linux]

  '@parcel/watcher-linux-arm-musl@2.5.0':
    resolution: {integrity: sha512-6uHywSIzz8+vi2lAzFeltnYbdHsDm3iIB57d4g5oaB9vKwjb6N6dRIgZMujw4nm5r6v9/BQH0noq6DzHrqr2pA==}
    engines: {node: '>= 10.0.0'}
    cpu: [arm]
    os: [linux]

  '@parcel/watcher-linux-arm64-glibc@2.5.0':
    resolution: {integrity: sha512-BfNjXwZKxBy4WibDb/LDCriWSKLz+jJRL3cM/DllnHH5QUyoiUNEp3GmL80ZqxeumoADfCCP19+qiYiC8gUBjA==}
    engines: {node: '>= 10.0.0'}
    cpu: [arm64]
    os: [linux]

  '@parcel/watcher-linux-arm64-musl@2.5.0':
    resolution: {integrity: sha512-S1qARKOphxfiBEkwLUbHjCY9BWPdWnW9j7f7Hb2jPplu8UZ3nes7zpPOW9bkLbHRvWM0WDTsjdOTUgW0xLBN1Q==}
    engines: {node: '>= 10.0.0'}
    cpu: [arm64]
    os: [linux]

  '@parcel/watcher-linux-x64-glibc@2.5.0':
    resolution: {integrity: sha512-d9AOkusyXARkFD66S6zlGXyzx5RvY+chTP9Jp0ypSTC9d4lzyRs9ovGf/80VCxjKddcUvnsGwCHWuF2EoPgWjw==}
    engines: {node: '>= 10.0.0'}
    cpu: [x64]
    os: [linux]

  '@parcel/watcher-linux-x64-musl@2.5.0':
    resolution: {integrity: sha512-iqOC+GoTDoFyk/VYSFHwjHhYrk8bljW6zOhPuhi5t9ulqiYq1togGJB5e3PwYVFFfeVgc6pbz3JdQyDoBszVaA==}
    engines: {node: '>= 10.0.0'}
    cpu: [x64]
    os: [linux]

  '@parcel/watcher-win32-arm64@2.5.0':
    resolution: {integrity: sha512-twtft1d+JRNkM5YbmexfcH/N4znDtjgysFaV9zvZmmJezQsKpkfLYJ+JFV3uygugK6AtIM2oADPkB2AdhBrNig==}
    engines: {node: '>= 10.0.0'}
    cpu: [arm64]
    os: [win32]

  '@parcel/watcher-win32-ia32@2.5.0':
    resolution: {integrity: sha512-+rgpsNRKwo8A53elqbbHXdOMtY/tAtTzManTWShB5Kk54N8Q9mzNWV7tV+IbGueCbcj826MfWGU3mprWtuf1TA==}
    engines: {node: '>= 10.0.0'}
    cpu: [ia32]
    os: [win32]

  '@parcel/watcher-win32-x64@2.5.0':
    resolution: {integrity: sha512-lPrxve92zEHdgeff3aiu4gDOIt4u7sJYha6wbdEZDCDUhtjTsOMiaJzG5lMY4GkWH8p0fMmO2Ppq5G5XXG+DQw==}
    engines: {node: '>= 10.0.0'}
    cpu: [x64]
    os: [win32]

  '@parcel/watcher@2.5.0':
    resolution: {integrity: sha512-i0GV1yJnm2n3Yq1qw6QrUrd/LI9bE8WEBOTtOkpCXHHdyN3TAGgqAK/DAT05z4fq2x04cARXt2pDmjWjL92iTQ==}
    engines: {node: '>= 10.0.0'}

  '@polka/url@1.0.0-next.28':
    resolution: {integrity: sha512-8LduaNlMZGwdZ6qWrKlfa+2M4gahzFkprZiAt2TF8uS0qQgBizKXpXURqvTJ4WtmupWxaLqjRb2UCTe72mu+Aw==}

  '@rollup/rollup-android-arm-eabi@4.28.1':
    resolution: {integrity: sha512-2aZp8AES04KI2dy3Ss6/MDjXbwBzj+i0GqKtWXgw2/Ma6E4jJvujryO6gJAghIRVz7Vwr9Gtl/8na3nDUKpraQ==}
    cpu: [arm]
    os: [android]

  '@rollup/rollup-android-arm64@4.28.1':
    resolution: {integrity: sha512-EbkK285O+1YMrg57xVA+Dp0tDBRB93/BZKph9XhMjezf6F4TpYjaUSuPt5J0fZXlSag0LmZAsTmdGGqPp4pQFA==}
    cpu: [arm64]
    os: [android]

  '@rollup/rollup-darwin-arm64@4.28.1':
    resolution: {integrity: sha512-prduvrMKU6NzMq6nxzQw445zXgaDBbMQvmKSJaxpaZ5R1QDM8w+eGxo6Y/jhT/cLoCvnZI42oEqf9KQNYz1fqQ==}
    cpu: [arm64]
    os: [darwin]

  '@rollup/rollup-darwin-x64@4.28.1':
    resolution: {integrity: sha512-WsvbOunsUk0wccO/TV4o7IKgloJ942hVFK1CLatwv6TJspcCZb9umQkPdvB7FihmdxgaKR5JyxDjWpCOp4uZlQ==}
    cpu: [x64]
    os: [darwin]

  '@rollup/rollup-freebsd-arm64@4.28.1':
    resolution: {integrity: sha512-HTDPdY1caUcU4qK23FeeGxCdJF64cKkqajU0iBnTVxS8F7H/7BewvYoG+va1KPSL63kQ1PGNyiwKOfReavzvNA==}
    cpu: [arm64]
    os: [freebsd]

  '@rollup/rollup-freebsd-x64@4.28.1':
    resolution: {integrity: sha512-m/uYasxkUevcFTeRSM9TeLyPe2QDuqtjkeoTpP9SW0XxUWfcYrGDMkO/m2tTw+4NMAF9P2fU3Mw4ahNvo7QmsQ==}
    cpu: [x64]
    os: [freebsd]

  '@rollup/rollup-linux-arm-gnueabihf@4.28.1':
    resolution: {integrity: sha512-QAg11ZIt6mcmzpNE6JZBpKfJaKkqTm1A9+y9O+frdZJEuhQxiugM05gnCWiANHj4RmbgeVJpTdmKRmH/a+0QbA==}
    cpu: [arm]
    os: [linux]

  '@rollup/rollup-linux-arm-musleabihf@4.28.1':
    resolution: {integrity: sha512-dRP9PEBfolq1dmMcFqbEPSd9VlRuVWEGSmbxVEfiq2cs2jlZAl0YNxFzAQS2OrQmsLBLAATDMb3Z6MFv5vOcXg==}
    cpu: [arm]
    os: [linux]

  '@rollup/rollup-linux-arm64-gnu@4.28.1':
    resolution: {integrity: sha512-uGr8khxO+CKT4XU8ZUH1TTEUtlktK6Kgtv0+6bIFSeiSlnGJHG1tSFSjm41uQ9sAO/5ULx9mWOz70jYLyv1QkA==}
    cpu: [arm64]
    os: [linux]

  '@rollup/rollup-linux-arm64-musl@4.28.1':
    resolution: {integrity: sha512-QF54q8MYGAqMLrX2t7tNpi01nvq5RI59UBNx+3+37zoKX5KViPo/gk2QLhsuqok05sSCRluj0D00LzCwBikb0A==}
    cpu: [arm64]
    os: [linux]

  '@rollup/rollup-linux-loongarch64-gnu@4.28.1':
    resolution: {integrity: sha512-vPul4uodvWvLhRco2w0GcyZcdyBfpfDRgNKU+p35AWEbJ/HPs1tOUrkSueVbBS0RQHAf/A+nNtDpvw95PeVKOA==}
    cpu: [loong64]
    os: [linux]

  '@rollup/rollup-linux-powerpc64le-gnu@4.28.1':
    resolution: {integrity: sha512-pTnTdBuC2+pt1Rmm2SV7JWRqzhYpEILML4PKODqLz+C7Ou2apEV52h19CR7es+u04KlqplggmN9sqZlekg3R1A==}
    cpu: [ppc64]
    os: [linux]

  '@rollup/rollup-linux-riscv64-gnu@4.28.1':
    resolution: {integrity: sha512-vWXy1Nfg7TPBSuAncfInmAI/WZDd5vOklyLJDdIRKABcZWojNDY0NJwruY2AcnCLnRJKSaBgf/GiJfauu8cQZA==}
    cpu: [riscv64]
    os: [linux]

  '@rollup/rollup-linux-s390x-gnu@4.28.1':
    resolution: {integrity: sha512-/yqC2Y53oZjb0yz8PVuGOQQNOTwxcizudunl/tFs1aLvObTclTwZ0JhXF2XcPT/zuaymemCDSuuUPXJJyqeDOg==}
    cpu: [s390x]
    os: [linux]

  '@rollup/rollup-linux-x64-gnu@4.28.1':
    resolution: {integrity: sha512-fzgeABz7rrAlKYB0y2kSEiURrI0691CSL0+KXwKwhxvj92VULEDQLpBYLHpF49MSiPG4sq5CK3qHMnb9tlCjBw==}
    cpu: [x64]
    os: [linux]

  '@rollup/rollup-linux-x64-musl@4.28.1':
    resolution: {integrity: sha512-xQTDVzSGiMlSshpJCtudbWyRfLaNiVPXt1WgdWTwWz9n0U12cI2ZVtWe/Jgwyv/6wjL7b66uu61Vg0POWVfz4g==}
    cpu: [x64]
    os: [linux]

  '@rollup/rollup-win32-arm64-msvc@4.28.1':
    resolution: {integrity: sha512-wSXmDRVupJstFP7elGMgv+2HqXelQhuNf+IS4V+nUpNVi/GUiBgDmfwD0UGN3pcAnWsgKG3I52wMOBnk1VHr/A==}
    cpu: [arm64]
    os: [win32]

  '@rollup/rollup-win32-ia32-msvc@4.28.1':
    resolution: {integrity: sha512-ZkyTJ/9vkgrE/Rk9vhMXhf8l9D+eAhbAVbsGsXKy2ohmJaWg0LPQLnIxRdRp/bKyr8tXuPlXhIoGlEB5XpJnGA==}
    cpu: [ia32]
    os: [win32]

  '@rollup/rollup-win32-x64-msvc@4.28.1':
    resolution: {integrity: sha512-ZvK2jBafvttJjoIdKm/Q/Bh7IJ1Ose9IBOwpOXcOvW3ikGTQGmKDgxTC6oCAzW6PynbkKP8+um1du81XJHZ0JA==}
    cpu: [x64]
    os: [win32]

  '@supabase/auth-js@2.66.1':
    resolution: {integrity: sha512-kOW+04SuDXmP2jRX9JL1Rgzduj8BcOG1qC3RaWdZsxnv89svNCdLRv8PfXW3QPKJdw0k1jF30OlQDPkzbDEL9w==}

  '@supabase/functions-js@2.4.3':
    resolution: {integrity: sha512-sOLXy+mWRyu4LLv1onYydq+10mNRQ4rzqQxNhbrKLTLTcdcmS9hbWif0bGz/NavmiQfPs4ZcmQJp4WqOXlR4AQ==}

  '@supabase/node-fetch@2.6.15':
    resolution: {integrity: sha512-1ibVeYUacxWYi9i0cf5efil6adJ9WRyZBLivgjs+AUpewx1F3xPi7gLgaASI2SmIQxPoCEjAsLAzKPgMJVgOUQ==}
    engines: {node: 4.x || >=6.0.0}

  '@supabase/postgrest-js@1.16.3':
    resolution: {integrity: sha512-HI6dsbW68AKlOPofUjDTaosiDBCtW4XAm0D18pPwxoW3zKOE2Ru13Z69Wuys9fd6iTpfDViNco5sgrtnP0666A==}

  '@supabase/realtime-js@2.11.2':
    resolution: {integrity: sha512-u/XeuL2Y0QEhXSoIPZZwR6wMXgB+RQbJzG9VErA3VghVt7uRfSVsjeqd7m5GhX3JR6dM/WRmLbVR8URpDWG4+w==}

  '@supabase/ssr@0.5.2':
    resolution: {integrity: sha512-n3plRhr2Bs8Xun1o4S3k1CDv17iH5QY9YcoEvXX3bxV1/5XSasA0mNXYycFmADIdtdE6BG9MRjP5CGIs8qxC8A==}
    peerDependencies:
      '@supabase/supabase-js': ^2.43.4

  '@supabase/storage-js@2.7.1':
    resolution: {integrity: sha512-asYHcyDR1fKqrMpytAS1zjyEfvxuOIp1CIXX7ji4lHHcJKqyk+sLl/Vxgm4sN6u8zvuUtae9e4kDxQP2qrwWBA==}

  '@supabase/supabase-js@2.47.3':
    resolution: {integrity: sha512-AmwTyHtOXdfjLVKiM+neYItB62T4gAl1jV8ZrIg3yp1Z1NICzYfsujJDSuELkrLkYvU/RGfZXpIBheDTt7fmwA==}

  '@sveltejs/adapter-auto@3.3.1':
    resolution: {integrity: sha512-5Sc7WAxYdL6q9j/+D0jJKjGREGlfIevDyHSQ2eNETHcB1TKlQWHcAo8AS8H1QdjNvSXpvOwNjykDUHPEAyGgdQ==}
    peerDependencies:
      '@sveltejs/kit': ^2.0.0

  '@sveltejs/kit@2.9.0':
    resolution: {integrity: sha512-W3E7ed3ChB6kPqRs2H7tcHp+Z7oiTFC6m+lLyAQQuyXeqw6LdNuuwEUla+5VM0OGgqQD+cYD6+7Xq80vVm17Vg==}
    engines: {node: '>=18.13'}
    hasBin: true
    peerDependencies:
      '@sveltejs/vite-plugin-svelte': ^3.0.0 || ^4.0.0-next.1 || ^5.0.0
      svelte: ^4.0.0 || ^5.0.0-next.0
      vite: ^5.0.3 || ^6.0.0

  '@sveltejs/vite-plugin-svelte-inspector@3.0.1':
    resolution: {integrity: sha512-2CKypmj1sM4GE7HjllT7UKmo4Q6L5xFRd7VMGEWhYnZ+wc6AUVU01IBd7yUi6WnFndEwWoMNOd6e8UjoN0nbvQ==}
    engines: {node: ^18.0.0 || ^20.0.0 || >=22}
    peerDependencies:
      '@sveltejs/vite-plugin-svelte': ^4.0.0-next.0||^4.0.0
      svelte: ^5.0.0-next.96 || ^5.0.0
      vite: ^5.0.0

  '@sveltejs/vite-plugin-svelte@4.0.2':
    resolution: {integrity: sha512-Y9r/fWy539XlAC7+5wfNJ4zH6TygUYoQ0Eegzp0zDDqhJ54+92gOyOX1l4MO1cJSx0O+Gp13YePT5XEa3+kX0w==}
    engines: {node: ^18.0.0 || ^20.0.0 || >=22}
    peerDependencies:
      svelte: ^5.0.0-next.96 || ^5.0.0
      vite: ^5.0.0

  '@types/cookie@0.6.0':
    resolution: {integrity: sha512-4Kh9a6B2bQciAhf7FSuMRRkUWecJgJu9nPnx3yzpsfXX/c50REIqpHY4C82bXP90qrLtXtkDxTZosYO3UpOwlA==}

  '@types/estree@1.0.6':
    resolution: {integrity: sha512-AYnb1nQyY49te+VRAVgmzfcgjYS91mY5P0TKUDCLEM+gNnA+3T6rWITXRLYCpahpqSQbN5cE+gHpnPyXjHWxcw==}

  '@types/node@22.10.1':
    resolution: {integrity: sha512-qKgsUwfHZV2WCWLAnVP1JqnpE6Im6h3Y0+fYgMTasNQ7V++CBX5OT1as0g0f+OyubbFqhf6XVNIsmN4IIhEgGQ==}

  '@types/phoenix@1.6.6':
    resolution: {integrity: sha512-PIzZZlEppgrpoT2QgbnDU+MMzuR6BbCjllj0bM70lWoejMeNJAxCchxnv7J3XFkI8MpygtRpzXrIlmWUBclP5A==}

  '@types/ws@8.5.13':
    resolution: {integrity: sha512-osM/gWBTPKgHV8XkTunnegTRIsvF6owmf5w+JtAfOw472dptdm0dlGv4xCt6GwQRcC2XVOvvRE/0bAoQcL2QkA==}

  '@xmldom/xmldom@0.8.10':
    resolution: {integrity: sha512-2WALfTl4xo2SkGCYRt6rDTFfk9R1czmBvUQy12gK2KuRKIpWEhcbbzy8EZXtz/jkRqHX8bFEc6FC1HjX4TUWYw==}
    engines: {node: '>=10.0.0'}

  acorn-typescript@1.4.13:
    resolution: {integrity: sha512-xsc9Xv0xlVfwp2o7sQ+GCQ1PgbkdcpWdTzrwXxO3xDMTAywVS3oXVOcOHuRjAPkS4P9b+yc/qNF15460v+jp4Q==}
    peerDependencies:
      acorn: '>=8.9.0'

  acorn@8.14.0:
    resolution: {integrity: sha512-cl669nCJTZBsL97OF4kUQm5g5hC2uihk0NxY3WENAC0TYdILVkAyHymAntgxGkl7K+t0cXIrH5siy5S4XkFycA==}
    engines: {node: '>=0.4.0'}
    hasBin: true

  adler-32@1.3.1:
    resolution: {integrity: sha512-ynZ4w/nUUv5rrsR8UUGoe1VC9hZj6V5hU9Qw1HlMDJGEJw5S7TfTErWTjMys6M7vr0YWcPqs3qAr4ss0nDfP+A==}
    engines: {node: '>=0.8'}

  aria-query@5.3.2:
    resolution: {integrity: sha512-COROpnaoap1E2F000S62r6A60uHZnmlvomhfyT2DlTcrY1OrBKn2UhH7qn5wTC9zMvD0AY7csdPSNwKP+7WiQw==}
    engines: {node: '>= 0.4'}

  axobject-query@4.1.0:
    resolution: {integrity: sha512-qIj0G9wZbMGNLjLmg1PT6v2mE9AH2zlnADJD/2tC6E00hgmhUOfEB6greHPAfLRSufHqROIUTkw6E+M3lH0PTQ==}
    engines: {node: '>= 0.4'}

  bluebird@3.7.2:
    resolution: {integrity: sha512-XpNj6GDQzdfW+r2Wnn7xiSAd7TM3jzkxGXBGTtWKuSXv1xUV+azxAm8jdWZN06QTQk+2N2XB9jRDkvbmQmcRtg==}

  braces@3.0.3:
    resolution: {integrity: sha512-yQbXgO/OSZVD2IsiLlro+7Hf6Q18EJrKSEsdoMzKePKXct3gvD8oLcOQdIzGupr5Fj+EDe8gO/lxc1BzfMpxvA==}
    engines: {node: '>=8'}

  cfb@1.2.2:
    resolution: {integrity: sha512-KfdUZsSOw19/ObEWasvBP/Ac4reZvAGauZhs6S/gqNhXhI7cKwvlH7ulj+dOEYnca4bm4SGo8C1bTAQvnTjgQA==}
    engines: {node: '>=0.8'}

  chokidar@4.0.1:
    resolution: {integrity: sha512-n8enUVCED/KVRQlab1hr3MVpcVMvxtZjmEa956u+4YijlmQED223XMSYj2tLuKvr4jcCTzNNMpQDUer72MMmzA==}
    engines: {node: '>= 14.16.0'}

  codepage@1.15.0:
    resolution: {integrity: sha512-3g6NUTPd/YtuuGrhMnOMRjFc+LJw/bnMp3+0r/Wcz3IXUuCosKRJvMphm5+Q+bvTVGcJJuRvVLuYba+WojaFaA==}
    engines: {node: '>=0.8'}

  cookie@0.6.0:
    resolution: {integrity: sha512-U71cyTamuh1CRNCfpGY6to28lxvNwPG4Guz/EVjgf3Jmzv0vlDp1atT9eS5dDjMYHucpHbWns6Lwf3BKz6svdw==}
    engines: {node: '>= 0.6'}

  cookie@0.7.2:
    resolution: {integrity: sha512-yki5XnKuf750l50uGTllt6kKILY4nQ1eNIQatoXEByZ5dWgnKqbnqmTrBE5B4N7lrMJKQ2ytWMiTO2o0v6Ew/w==}
    engines: {node: '>= 0.6'}

  core-util-is@1.0.3:
    resolution: {integrity: sha512-ZQBvi1DcpJ4GDqanjucZ2Hj3wEO5pZDS89BWbkcrvdxksJorwUDDZamX9ldFkp9aw2lmBDLgkObEA4DWNJ9FYQ==}

  crc-32@1.2.2:
    resolution: {integrity: sha512-ROmzCKrTnOwybPcJApAA6WBWij23HVfGVNKqqrZpuyZOHqK2CwHSvpGuyt/UNNvaIjEd8X5IFGp4Mh+Ie1IHJQ==}
    engines: {node: '>=0.8'}
    hasBin: true

  debug@4.4.0:
    resolution: {integrity: sha512-6WTZ/IxCY/T6BALoZHaE4ctp9xm+Z5kY/pzYaCHRFeyVhojxlrm+46y68HA6hr0TcwEssoxNiDEUJQjfPZ/RYA==}
    engines: {node: '>=6.0'}
    peerDependencies:
      supports-color: '*'
    peerDependenciesMeta:
      supports-color:
        optional: true

  deepmerge@4.3.1:
    resolution: {integrity: sha512-3sUqbMEc77XqpdNO7FRyRog+eW3ph+GYCbj+rK+uYyRMuwsVy0rMiVtPn+QJlKFvWP/1PYpapqYn0Me2knFn+A==}
    engines: {node: '>=0.10.0'}

  detect-libc@1.0.3:
    resolution: {integrity: sha512-pGjwhsmsp4kL2RTz08wcOlGN83otlqHeD/Z5T8GXZB+/YcpQ/dgo+lbU8ZsGxV0HIvqqxo9l7mqYwyYMD9bKDg==}
    engines: {node: '>=0.10'}
    hasBin: true

  devalue@5.1.1:
    resolution: {integrity: sha512-maua5KUiapvEwiEAe+XnlZ3Rh0GD+qI1J/nb9vrJc3muPXvcF/8gXYTWF76+5DAqHyDUtOIImEuo0YKE9mshVw==}

  duplexer2@0.1.4:
    resolution: {integrity: sha512-asLFVfWWtJ90ZyOUHMqk7/S2w2guQKxUI2itj3d92ADHhxUSbCMGi1f1cBcJ7xM1To+pE/Khbwo1yuNbMEPKeA==}

  esbuild@0.21.5:
    resolution: {integrity: sha512-mg3OPMV4hXywwpoDxu3Qda5xCKQi+vCTZq8S9J/EpkhB2HzKXq4SNFZE3+NK93JYxc8VMSep+lOUSC/RVKaBqw==}
    engines: {node: '>=12'}
    hasBin: true

  esm-env@1.2.1:
    resolution: {integrity: sha512-U9JedYYjCnadUlXk7e1Kr+aENQhtUaoaV9+gZm1T8LC/YBAPJx3NSPIAurFOC0U5vrdSevnUJS2/wUVxGwPhng==}

  esrap@1.2.3:
    resolution: {integrity: sha512-ZlQmCCK+n7SGoqo7DnfKaP1sJZa49P01/dXzmjCASSo04p72w8EksT2NMK8CEX8DhKsfJXANioIw8VyHNsBfvQ==}

  fdir@6.4.2:
    resolution: {integrity: sha512-KnhMXsKSPZlAhp7+IjUkRZKPb4fUyccpDrdFXbi4QL1qkmFh9kVY09Yox+n4MaOb3lHZ1Tv829C3oaaXoMYPDQ==}
    peerDependencies:
      picomatch: ^3 || ^4
    peerDependenciesMeta:
      picomatch:
        optional: true

  fflate@0.7.4:
    resolution: {integrity: sha512-5u2V/CDW15QM1XbbgS+0DfPxVB+jUKhWEKuuFuHncbk3tEEqzmoXL+2KyOFuKGqOnmdIy0/davWF1CkuwtibCw==}

  fill-range@7.1.1:
    resolution: {integrity: sha512-YsGpe3WHLK8ZYi4tWDg2Jy3ebRz2rXowDxnld4bkQB00cc/1Zw9AWnC0i9ztDJitivtQvaI9KaLyKrc+hBW0yg==}
    engines: {node: '>=8'}

  frac@1.1.2:
    resolution: {integrity: sha512-w/XBfkibaTl3YDqASwfDUqkna4Z2p9cFSr1aHDt0WoMTECnRfBOv2WArlZILlqgWlmdIlALXGpM2AOhEk5W3IA==}
    engines: {node: '>=0.8'}

  fs-extra@11.2.0:
    resolution: {integrity: sha512-PmDi3uwK5nFuXh7XDTlVnS17xJS7vW36is2+w3xcv8SVxiB4NyATf4ctkVY5bkSjX0Y4nbvZCq1/EjtEyr9ktw==}
    engines: {node: '>=14.14'}

  fsevents@2.3.3:
    resolution: {integrity: sha512-5xoDfX+fL7faATnagmWPpbFtwh/R77WmMMqqHGS65C3vvB0YHrgF+B1YmZ3441tMj5n63k0212XNoJwzlhffQw==}
    engines: {node: ^8.16.0 || ^10.6.0 || >=11.0.0}
    os: [darwin]

  globalyzer@0.1.0:
    resolution: {integrity: sha512-40oNTM9UfG6aBmuKxk/giHn5nQ8RVz/SS4Ir6zgzOv9/qC3kKZ9v4etGTcJbEl/NyVQH7FGU7d+X1egr57Md2Q==}

  globrex@0.1.2:
    resolution: {integrity: sha512-uHJgbwAMwNFf5mLst7IWLNg14x1CkeqglJb/K3doi4dw6q2IvAAmM/Y81kevy83wP+Sst+nutFTYOGg3d1lsxg==}

  graceful-fs@4.2.11:
    resolution: {integrity: sha512-RbJ5/jmFcNNCcDV5o9eTnBLJ/HszWV0P73bc+Ff4nS/rJj+YaS6IGyiOL0VoBYX+l1Wrl3k63h/KrH+nhJ0XvQ==}

  immutable@5.0.3:
    resolution: {integrity: sha512-P8IdPQHq3lA1xVeBRi5VPqUm5HDgKnx0Ru51wZz5mjxHr5n3RWhjIpOFU7ybkUxfB+5IToy+OLaHYDBIWsv+uw==}

  import-meta-resolve@4.1.0:
    resolution: {integrity: sha512-I6fiaX09Xivtk+THaMfAwnA3MVA5Big1WHF1Dfx9hFuvNIWpXnorlkzhcQf6ehrqQiiZECRt1poOAkPmer3ruw==}

  inherits@2.0.4:
    resolution: {integrity: sha512-k/vGaX4/Yla3WzyMCvTQOXYeIHvqOKtnqBduzTHpzpQZzAskKMhZ2K+EnBiSM9zGSoIFeMpXKxa4dYeZIQqewQ==}

  is-extglob@2.1.1:
    resolution: {integrity: sha512-SbKbANkN603Vi4jEZv49LeVJMn4yGwsbzZworEoyEiutsN3nJYdbO36zfhGJ6QEDpOZIFkDtnq5JRxmvl3jsoQ==}
    engines: {node: '>=0.10.0'}

  is-glob@4.0.3:
    resolution: {integrity: sha512-xelSayHH36ZgE7ZWhli7pW34hNbNl8Ojv5KVmkJD4hBdD3th8Tfk9vYasLM+mXWOZhFkgZfxhLSnrwRr4elSSg==}
    engines: {node: '>=0.10.0'}

  is-number@7.0.0:
    resolution: {integrity: sha512-41Cifkg6e8TylSpdtTpeLVMqvSBEVzTttHvERD741+pnZ8ANv0004MRL43QKPDlK9cGvNp6NZWZUBlbGXYxxng==}
    engines: {node: '>=0.12.0'}

  is-reference@3.0.3:
    resolution: {integrity: sha512-ixkJoqQvAP88E6wLydLGGqCJsrFUnqoH6HnaczB8XmDH1oaWU+xxdptvikTgaEhtZ53Ky6YXiBuUI2WXLMCwjw==}

  isarray@1.0.0:
    resolution: {integrity: sha512-VLghIWNM6ELQzo7zwmcg0NmTVyWKYjvIeM83yjp0wRDTmUnrM678fQbcKBo6n2CJEF0szoG//ytg+TKla89ALQ==}

  jsonfile@6.1.0:
    resolution: {integrity: sha512-5dgndWOriYSm5cnYaJNhalLNDKOqFwyDB/rr1E9ZsGciGvKPs8R2xYGCacuf3z6K1YKDz182fd+fY3cn3pMqXQ==}

  kleur@4.1.5:
    resolution: {integrity: sha512-o+NO+8WrRiQEE4/7nwRJhN1HWpVmJm511pBHUxPLtp0BUISzlBplORYSmTclCnJvQq2tKu/sgl3xVpkc7ZWuQQ==}
    engines: {node: '>=6'}

  locate-character@3.0.0:
    resolution: {integrity: sha512-SW13ws7BjaeJ6p7Q6CO2nchbYEc3X3J6WrmTTDto7yMPqVSZTUyY5Tjbid+Ab8gLnATtygYtiDIJGQRRn2ZOiA==}

  magic-string@0.30.14:
    resolution: {integrity: sha512-5c99P1WKTed11ZC0HMJOj6CDIue6F8ySu+bJL+85q1zBEIY8IklrJ1eiKC2NDRh3Ct3FcvmJPyQHb9erXMTJNw==}

  micromatch@4.0.8:
    resolution: {integrity: sha512-PXwfBhYu0hBCPw8Dn0E+WDYb7af3dSLVWKi3HGv84IdF4TyFoC0ysxFd0Goxw7nSv4T/PzEJQxsYsEiFCKo2BA==}
    engines: {node: '>=8.6'}

  mri@1.2.0:
    resolution: {integrity: sha512-tzzskb3bG8LvYGFF/mDTpq3jpI6Q9wc3LEmBaghu+DdCssd1FakN7Bc0hVNmEyGq1bq3RgfkCb3cmQLpNPOroA==}
    engines: {node: '>=4'}

  mrmime@2.0.0:
    resolution: {integrity: sha512-eu38+hdgojoyq63s+yTpN4XMBdt5l8HhMhc4VKLO9KM5caLIBvUm4thi7fFaxyTmCKeNnXZ5pAlBwCUnhA09uw==}
    engines: {node: '>=10'}

  ms@2.1.3:
    resolution: {integrity: sha512-6FlzubTLZG3J2a/NVCAleEhjzq5oxgHyaCU9yYXvcLsvoVaHJq/s5xXI6/XXP6tz7R9xAOtHnSO/tXtF3WRTlA==}

  nanoid@3.3.8:
    resolution: {integrity: sha512-WNLf5Sd8oZxOm+TzppcYk8gVOgP+l58xNy58D0nbUnOxOWRWvlcCV4kUF7ltmI6PsrLl/BgKEyS4mqsGChFN0w==}
    engines: {node: ^10 || ^12 || ^13.7 || ^14 || >=15.0.1}
    hasBin: true

  node-addon-api@7.1.1:
    resolution: {integrity: sha512-5m3bsyrjFWE1xf7nz7YXdN4udnVtXK6/Yfgn5qnahL6bCkf2yKt4k3nuTKAtT4r3IG8JNR2ncsIMdZuAzJjHQQ==}

  node-int64@0.4.0:
    resolution: {integrity: sha512-O5lz91xSOeoXP6DulyHfllpq+Eg00MWitZIbtPfoSEvqIHdl5gfcY6hYzDWnj0qD5tz52PI08u9qUvSVeUBeHw==}

  picocolors@1.1.1:
    resolution: {integrity: sha512-xceH2snhtb5M9liqDsmEw56le376mTZkEX/jEb/RxNFyegNul7eNslCXP9FDj/Lcu0X8KEyMceP2ntpaHrDEVA==}

  picomatch@2.3.1:
    resolution: {integrity: sha512-JU3teHTNjmE2VCGFzuY8EXzCDVwEqB2a8fsIvwaStHhAWJEeVd1o1QD80CU6+ZdEXXSLbSsuLwJjkCBWqRQUVA==}
    engines: {node: '>=8.6'}

  postcss@8.4.49:
    resolution: {integrity: sha512-OCVPnIObs4N29kxTjzLfUryOkvZEq+pf8jTF0lg8E7uETuWHA+v7j3c/xJmiqpX450191LlmZfUKkXxkTry7nA==}
    engines: {node: ^10 || ^12 || >=14}

  process-nextick-args@2.0.1:
    resolution: {integrity: sha512-3ouUOpQhtgrbOa17J7+uxOTpITYWaGP7/AhoR3+A+/1e9skrzelGi/dXzEYyvbxubEF6Wn2ypscTKiKJFFn1ag==}

  read-excel-file@5.8.6:
    resolution: {integrity: sha512-jdF7vgKZKQH2CQEOB0YmoCrSMnr9IHkU927j6ZrW3h20mFRQCTE8AHt+d08DSakDauelR8N/iNFx0gzFyGkvBA==}

  readable-stream@2.3.8:
    resolution: {integrity: sha512-8p0AUk4XODgIewSi0l8Epjs+EVnWiK7NoDIEGU0HhE7+ZyY8D1IMY7odu5lRrFXGg71L15KG8QrPmum45RTtdA==}

  readdirp@4.0.2:
    resolution: {integrity: sha512-yDMz9g+VaZkqBYS/ozoBJwaBhTbZo3UNYQHNRw1D3UFQB8oHB4uS/tAODO+ZLjGWmUbKnIlOWO+aaIiAxrUWHA==}
    engines: {node: '>= 14.16.0'}

  rollup@4.28.1:
    resolution: {integrity: sha512-61fXYl/qNVinKmGSTHAZ6Yy8I3YIJC/r2m9feHo6SwVAVcLT5MPwOUFe7EuURA/4m0NR8lXG4BBXuo/IZEsjMg==}
    engines: {node: '>=18.0.0', npm: '>=8.0.0'}
    hasBin: true

  sade@1.8.1:
    resolution: {integrity: sha512-xal3CZX1Xlo/k4ApwCFrHVACi9fBqJ7V+mwhBsuf/1IOKbBy098Fex+Wa/5QMubw09pSZ/u8EY8PWgevJsXp1A==}
    engines: {node: '>=6'}

  safe-buffer@5.1.2:
    resolution: {integrity: sha512-Gd2UZBJDkXlY7GbJxfsE8/nvKkUEU1G38c1siN6QP6a9PT9MmHB8GnpscSmMJSoF8LOIrt8ud/wPtojys4G6+g==}

  sass@1.82.0:
    resolution: {integrity: sha512-j4GMCTa8elGyN9A7x7bEglx0VgSpNUG4W4wNedQ33wSMdnkqQCT8HTwOaVSV4e6yQovcu/3Oc4coJP/l0xhL2Q==}
    engines: {node: '>=14.0.0'}
    hasBin: true

  set-cookie-parser@2.7.1:
    resolution: {integrity: sha512-IOc8uWeOZgnb3ptbCURJWNjWUPcO3ZnTTdzsurqERrP6nPyv+paC55vJM0LpOlT2ne+Ix+9+CRG1MNLlyZ4GjQ==}

  sirv@3.0.0:
    resolution: {integrity: sha512-BPwJGUeDaDCHihkORDchNyyTvWFhcusy1XMmhEVTQTwGeybFbp8YEmB+njbPnth1FibULBSBVwCQni25XlCUDg==}
    engines: {node: '>=18'}

  source-map-js@1.2.1:
    resolution: {integrity: sha512-UXWMKhLOwVKb728IUtQPXxfYU+usdybtUrK/8uGE8CQMvrhOpwvzDBwj0QhSL7MQc7vIsISBG8VQ8+IDQxpfQA==}
    engines: {node: '>=0.10.0'}

  ssf@0.11.2:
    resolution: {integrity: sha512-+idbmIXoYET47hH+d7dfm2epdOMUDjqcB4648sTZ+t2JwoyBFL/insLfB/racrDmsKB3diwsDA696pZMieAC5g==}
    engines: {node: '>=0.8'}

  string_decoder@1.1.1:
    resolution: {integrity: sha512-n/ShnvDi6FHbbVfviro+WojiFzv+s8MPMHBczVePfUpDJLwoLT0ht1l4YwBCbi8pJAveEEdnkHyPyTP/mzRfwg==}

  svelte-check@4.1.1:
    resolution: {integrity: sha512-NfaX+6Qtc8W/CyVGS/F7/XdiSSyXz+WGYA9ZWV3z8tso14V2vzjfXviKaTFEzB7g8TqfgO2FOzP6XT4ApSTUTw==}
    engines: {node: '>= 18.0.0'}
    hasBin: true
    peerDependencies:
      svelte: ^4.0.0 || ^5.0.0-next.0
      typescript: '>=5.0.0'

  svelte@5.9.1:
    resolution: {integrity: sha512-2iWB8J9j/tZqEfuplxSt7gi/iA0Fg7VFwWATxDmG/efttLI05hwLWAKIx4ltv+FtvJIhRGs28rJ0e8uY8e3LWg==}
    engines: {node: '>=18'}

  tiny-glob@0.2.9:
    resolution: {integrity: sha512-g/55ssRPUjShh+xkfx9UPDXqhckHEsHr4Vd9zX55oSdGZc/MD0m3sferOkwWtp98bv+kcVfEHtRJgBVJzelrzg==}

  to-regex-range@5.0.1:
    resolution: {integrity: sha512-65P7iz6X5yEr1cwcgvQxbbIw7Uk3gOy5dIdtZ4rDveLqhrdJP+Li/Hx6tyK0NEb+2GCyneCMJiGqrADCSNk8sQ==}
    engines: {node: '>=8.0'}

  totalist@3.0.1:
    resolution: {integrity: sha512-sf4i37nQ2LBx4m3wB74y+ubopq6W/dIzXg0FDGjsYnZHVa1Da8FH853wlL2gtUhg+xJXjfk3kUZS3BRoQeoQBQ==}
    engines: {node: '>=6'}

  tr46@0.0.3:
    resolution: {integrity: sha512-N3WMsuqV66lT30CrXNbEjx4GEwlow3v6rr4mCcv6prnfwhS01rkgyFdjPNBYd9br7LpXV1+Emh01fHnq2Gdgrw==}

  typescript@5.7.2:
    resolution: {integrity: sha512-i5t66RHxDvVN40HfDd1PsEThGNnlMCMT3jMUuoh9/0TaqWevNontacunWyN02LA9/fIbEWlcHZcgTKb9QoaLfg==}
    engines: {node: '>=14.17'}
    hasBin: true

  undici-types@6.20.0:
    resolution: {integrity: sha512-Ny6QZ2Nju20vw1SRHe3d9jVu6gJ+4e3+MMpqu7pqE5HT6WsTSlce++GQmK5UXS8mzV8DSYHrQH+Xrf2jVcuKNg==}

  universalify@2.0.1:
    resolution: {integrity: sha512-gptHNQghINnc/vTGIk0SOFGFNXw7JVrlRUtConJRlvaw6DuX0wO5Jeko9sWrMBhh+PsYAZ7oXAiOnf/UKogyiw==}
    engines: {node: '>= 10.0.0'}

  unzipper@0.12.3:
    resolution: {integrity: sha512-PZ8hTS+AqcGxsaQntl3IRBw65QrBI6lxzqDEL7IAo/XCEqRTKGfOX56Vea5TH9SZczRVxuzk1re04z/YjuYCJA==}

  util-deprecate@1.0.2:
    resolution: {integrity: sha512-EPD5q1uXyFxJpCrLnCc1nHnq3gOa6DZBocAIiI2TaSCA7VCJ1UJDMagCzIkXNsUYfD1daK//LTEQ8xiIbrHtcw==}

  vite@5.4.11:
    resolution: {integrity: sha512-c7jFQRklXua0mTzneGW9QVyxFjUgwcihC4bXEtujIo2ouWCe1Ajt/amn2PCxYnhYfd5k09JX3SB7OYWFKYqj8Q==}
    engines: {node: ^18.0.0 || >=20.0.0}
    hasBin: true
    peerDependencies:
      '@types/node': ^18.0.0 || >=20.0.0
      less: '*'
      lightningcss: ^1.21.0
      sass: '*'
      sass-embedded: '*'
      stylus: '*'
      sugarss: '*'
      terser: ^5.4.0
    peerDependenciesMeta:
      '@types/node':
        optional: true
      less:
        optional: true
      lightningcss:
        optional: true
      sass:
        optional: true
      sass-embedded:
        optional: true
      stylus:
        optional: true
      sugarss:
        optional: true
      terser:
        optional: true

  vitefu@1.0.4:
    resolution: {integrity: sha512-y6zEE3PQf6uu/Mt6DTJ9ih+kyJLr4XcSgHR2zUkM8SWDhuixEJxfJ6CZGMHh1Ec3vPLoEA0IHU5oWzVqw8ulow==}
    peerDependencies:
      vite: ^3.0.0 || ^4.0.0 || ^5.0.0 || ^6.0.0
    peerDependenciesMeta:
      vite:
        optional: true

  webidl-conversions@3.0.1:
    resolution: {integrity: sha512-2JAn3z8AR6rjK8Sm8orRC0h/bcl/DqL7tRPdGZ4I1CjdF+EaMLmYxBHyXuKL849eucPFhvBoxMsflfOb8kxaeQ==}

  whatwg-url@5.0.0:
    resolution: {integrity: sha512-saE57nupxk6v3HY35+jzBwYa0rKSy0XR8JSxZPwgLr7ys0IBzhGviA1/TUGJLmSVqs8pb9AnvICXEuOHLprYTw==}

  wmf@1.0.2:
    resolution: {integrity: sha512-/p9K7bEh0Dj6WbXg4JG0xvLQmIadrner1bi45VMJTfnbVHsc7yIajZyoSoK60/dtVBs12Fm6WkUI5/3WAVsNMw==}
    engines: {node: '>=0.8'}

  word@0.3.0:
    resolution: {integrity: sha512-OELeY0Q61OXpdUfTp+oweA/vtLVg5VDOXh+3he3PNzLGG/y0oylSOC1xRVj0+l4vQ3tj/bB1HVHv1ocXkQceFA==}
    engines: {node: '>=0.8'}

  ws@8.18.0:
    resolution: {integrity: sha512-8VbfWfHLbbwu3+N6OKsOMpBdT4kXPDDB9cJk2bJ6mh9ucxdlnNvH1e+roYkKmN9Nxw2yjz7VzeO9oOz2zJ04Pw==}
    engines: {node: '>=10.0.0'}
    peerDependencies:
      bufferutil: ^4.0.1
      utf-8-validate: '>=5.0.2'
    peerDependenciesMeta:
      bufferutil:
        optional: true
      utf-8-validate:
        optional: true

  xlsx@0.18.5:
    resolution: {integrity: sha512-dmg3LCjBPHZnQp5/F/+nnTa+miPJxUXB6vtk42YjBBKayDNagxGEeIdWApkYPOf3Z3pm3k62Knjzp7lMeTEtFQ==}
    engines: {node: '>=0.8'}
    hasBin: true

  zimmerframe@1.1.2:
    resolution: {integrity: sha512-rAbqEGa8ovJy4pyBxZM70hg4pE6gDgaQ0Sl9M3enG3I0d6H4XSAM3GeNGLKnsBpuijUow064sf7ww1nutC5/3w==}

snapshots:

  '@ampproject/remapping@2.3.0':
    dependencies:
      '@jridgewell/gen-mapping': 0.3.5
      '@jridgewell/trace-mapping': 0.3.25

  '@esbuild/aix-ppc64@0.21.5':
    optional: true

  '@esbuild/android-arm64@0.21.5':
    optional: true

  '@esbuild/android-arm@0.21.5':
    optional: true

  '@esbuild/android-x64@0.21.5':
    optional: true

  '@esbuild/darwin-arm64@0.21.5':
    optional: true

  '@esbuild/darwin-x64@0.21.5':
    optional: true

  '@esbuild/freebsd-arm64@0.21.5':
    optional: true

  '@esbuild/freebsd-x64@0.21.5':
    optional: true

  '@esbuild/linux-arm64@0.21.5':
    optional: true

  '@esbuild/linux-arm@0.21.5':
    optional: true

  '@esbuild/linux-ia32@0.21.5':
    optional: true

  '@esbuild/linux-loong64@0.21.5':
    optional: true

  '@esbuild/linux-mips64el@0.21.5':
    optional: true

  '@esbuild/linux-ppc64@0.21.5':
    optional: true

  '@esbuild/linux-riscv64@0.21.5':
    optional: true

  '@esbuild/linux-s390x@0.21.5':
    optional: true

  '@esbuild/linux-x64@0.21.5':
    optional: true

  '@esbuild/netbsd-x64@0.21.5':
    optional: true

  '@esbuild/openbsd-x64@0.21.5':
    optional: true

  '@esbuild/sunos-x64@0.21.5':
    optional: true

  '@esbuild/win32-arm64@0.21.5':
    optional: true

  '@esbuild/win32-ia32@0.21.5':
    optional: true

  '@esbuild/win32-x64@0.21.5':
    optional: true

  '@iconify/svelte@4.1.0(svelte@5.9.1)':
    dependencies:
      '@iconify/types': 2.0.0
      svelte: 5.9.1

  '@iconify/types@2.0.0': {}

  '@jridgewell/gen-mapping@0.3.5':
    dependencies:
      '@jridgewell/set-array': 1.2.1
      '@jridgewell/sourcemap-codec': 1.5.0
      '@jridgewell/trace-mapping': 0.3.25

  '@jridgewell/resolve-uri@3.1.2': {}

  '@jridgewell/set-array@1.2.1': {}

  '@jridgewell/sourcemap-codec@1.5.0': {}

  '@jridgewell/trace-mapping@0.3.25':
    dependencies:
      '@jridgewell/resolve-uri': 3.1.2
      '@jridgewell/sourcemap-codec': 1.5.0

  '@parcel/watcher-android-arm64@2.5.0':
    optional: true

  '@parcel/watcher-darwin-arm64@2.5.0':
    optional: true

  '@parcel/watcher-darwin-x64@2.5.0':
    optional: true

  '@parcel/watcher-freebsd-x64@2.5.0':
    optional: true

  '@parcel/watcher-linux-arm-glibc@2.5.0':
    optional: true

  '@parcel/watcher-linux-arm-musl@2.5.0':
    optional: true

  '@parcel/watcher-linux-arm64-glibc@2.5.0':
    optional: true

  '@parcel/watcher-linux-arm64-musl@2.5.0':
    optional: true

  '@parcel/watcher-linux-x64-glibc@2.5.0':
    optional: true

  '@parcel/watcher-linux-x64-musl@2.5.0':
    optional: true

  '@parcel/watcher-win32-arm64@2.5.0':
    optional: true

  '@parcel/watcher-win32-ia32@2.5.0':
    optional: true

  '@parcel/watcher-win32-x64@2.5.0':
    optional: true

  '@parcel/watcher@2.5.0':
    dependencies:
      detect-libc: 1.0.3
      is-glob: 4.0.3
      micromatch: 4.0.8
      node-addon-api: 7.1.1
    optionalDependencies:
      '@parcel/watcher-android-arm64': 2.5.0
      '@parcel/watcher-darwin-arm64': 2.5.0
      '@parcel/watcher-darwin-x64': 2.5.0
      '@parcel/watcher-freebsd-x64': 2.5.0
      '@parcel/watcher-linux-arm-glibc': 2.5.0
      '@parcel/watcher-linux-arm-musl': 2.5.0
      '@parcel/watcher-linux-arm64-glibc': 2.5.0
      '@parcel/watcher-linux-arm64-musl': 2.5.0
      '@parcel/watcher-linux-x64-glibc': 2.5.0
      '@parcel/watcher-linux-x64-musl': 2.5.0
      '@parcel/watcher-win32-arm64': 2.5.0
      '@parcel/watcher-win32-ia32': 2.5.0
      '@parcel/watcher-win32-x64': 2.5.0
    optional: true

  '@polka/url@1.0.0-next.28': {}

  '@rollup/rollup-android-arm-eabi@4.28.1':
    optional: true

  '@rollup/rollup-android-arm64@4.28.1':
    optional: true

  '@rollup/rollup-darwin-arm64@4.28.1':
    optional: true

  '@rollup/rollup-darwin-x64@4.28.1':
    optional: true

  '@rollup/rollup-freebsd-arm64@4.28.1':
    optional: true

  '@rollup/rollup-freebsd-x64@4.28.1':
    optional: true

  '@rollup/rollup-linux-arm-gnueabihf@4.28.1':
    optional: true

  '@rollup/rollup-linux-arm-musleabihf@4.28.1':
    optional: true

  '@rollup/rollup-linux-arm64-gnu@4.28.1':
    optional: true

  '@rollup/rollup-linux-arm64-musl@4.28.1':
    optional: true

  '@rollup/rollup-linux-loongarch64-gnu@4.28.1':
    optional: true

  '@rollup/rollup-linux-powerpc64le-gnu@4.28.1':
    optional: true

  '@rollup/rollup-linux-riscv64-gnu@4.28.1':
    optional: true

  '@rollup/rollup-linux-s390x-gnu@4.28.1':
    optional: true

  '@rollup/rollup-linux-x64-gnu@4.28.1':
    optional: true

  '@rollup/rollup-linux-x64-musl@4.28.1':
    optional: true

  '@rollup/rollup-win32-arm64-msvc@4.28.1':
    optional: true

  '@rollup/rollup-win32-ia32-msvc@4.28.1':
    optional: true

  '@rollup/rollup-win32-x64-msvc@4.28.1':
    optional: true

  '@supabase/auth-js@2.66.1':
    dependencies:
      '@supabase/node-fetch': 2.6.15

  '@supabase/functions-js@2.4.3':
    dependencies:
      '@supabase/node-fetch': 2.6.15

  '@supabase/node-fetch@2.6.15':
    dependencies:
      whatwg-url: 5.0.0

  '@supabase/postgrest-js@1.16.3':
    dependencies:
      '@supabase/node-fetch': 2.6.15

  '@supabase/realtime-js@2.11.2':
    dependencies:
      '@supabase/node-fetch': 2.6.15
      '@types/phoenix': 1.6.6
      '@types/ws': 8.5.13
      ws: 8.18.0
    transitivePeerDependencies:
      - bufferutil
      - utf-8-validate

  '@supabase/ssr@0.5.2(@supabase/supabase-js@2.47.3)':
    dependencies:
      '@supabase/supabase-js': 2.47.3
      '@types/cookie': 0.6.0
      cookie: 0.7.2

  '@supabase/storage-js@2.7.1':
    dependencies:
      '@supabase/node-fetch': 2.6.15

  '@supabase/supabase-js@2.47.3':
    dependencies:
      '@supabase/auth-js': 2.66.1
      '@supabase/functions-js': 2.4.3
      '@supabase/node-fetch': 2.6.15
      '@supabase/postgrest-js': 1.16.3
      '@supabase/realtime-js': 2.11.2
      '@supabase/storage-js': 2.7.1
    transitivePeerDependencies:
      - bufferutil
      - utf-8-validate

  '@sveltejs/adapter-auto@3.3.1(@sveltejs/kit@2.9.0(@sveltejs/vite-plugin-svelte@4.0.2(svelte@5.9.1)(vite@5.4.11(@types/node@22.10.1)(sass@1.82.0)))(svelte@5.9.1)(vite@5.4.11(@types/node@22.10.1)(sass@1.82.0)))':
    dependencies:
      '@sveltejs/kit': 2.9.0(@sveltejs/vite-plugin-svelte@4.0.2(svelte@5.9.1)(vite@5.4.11(@types/node@22.10.1)(sass@1.82.0)))(svelte@5.9.1)(vite@5.4.11(@types/node@22.10.1)(sass@1.82.0))
      import-meta-resolve: 4.1.0

  '@sveltejs/kit@2.9.0(@sveltejs/vite-plugin-svelte@4.0.2(svelte@5.9.1)(vite@5.4.11(@types/node@22.10.1)(sass@1.82.0)))(svelte@5.9.1)(vite@5.4.11(@types/node@22.10.1)(sass@1.82.0))':
    dependencies:
      '@sveltejs/vite-plugin-svelte': 4.0.2(svelte@5.9.1)(vite@5.4.11(@types/node@22.10.1)(sass@1.82.0))
      '@types/cookie': 0.6.0
      cookie: 0.6.0
      devalue: 5.1.1
      esm-env: 1.2.1
      import-meta-resolve: 4.1.0
      kleur: 4.1.5
      magic-string: 0.30.14
      mrmime: 2.0.0
      sade: 1.8.1
      set-cookie-parser: 2.7.1
      sirv: 3.0.0
      svelte: 5.9.1
      tiny-glob: 0.2.9
      vite: 5.4.11(@types/node@22.10.1)(sass@1.82.0)

  '@sveltejs/vite-plugin-svelte-inspector@3.0.1(@sveltejs/vite-plugin-svelte@4.0.2(svelte@5.9.1)(vite@5.4.11(@types/node@22.10.1)(sass@1.82.0)))(svelte@5.9.1)(vite@5.4.11(@types/node@22.10.1)(sass@1.82.0))':
    dependencies:
      '@sveltejs/vite-plugin-svelte': 4.0.2(svelte@5.9.1)(vite@5.4.11(@types/node@22.10.1)(sass@1.82.0))
      debug: 4.4.0
      svelte: 5.9.1
      vite: 5.4.11(@types/node@22.10.1)(sass@1.82.0)
    transitivePeerDependencies:
      - supports-color

  '@sveltejs/vite-plugin-svelte@4.0.2(svelte@5.9.1)(vite@5.4.11(@types/node@22.10.1)(sass@1.82.0))':
    dependencies:
      '@sveltejs/vite-plugin-svelte-inspector': 3.0.1(@sveltejs/vite-plugin-svelte@4.0.2(svelte@5.9.1)(vite@5.4.11(@types/node@22.10.1)(sass@1.82.0)))(svelte@5.9.1)(vite@5.4.11(@types/node@22.10.1)(sass@1.82.0))
      debug: 4.4.0
      deepmerge: 4.3.1
      kleur: 4.1.5
      magic-string: 0.30.14
      svelte: 5.9.1
      vite: 5.4.11(@types/node@22.10.1)(sass@1.82.0)
      vitefu: 1.0.4(vite@5.4.11(@types/node@22.10.1)(sass@1.82.0))
    transitivePeerDependencies:
      - supports-color

  '@types/cookie@0.6.0': {}

  '@types/estree@1.0.6': {}

  '@types/node@22.10.1':
    dependencies:
      undici-types: 6.20.0

  '@types/phoenix@1.6.6': {}

  '@types/ws@8.5.13':
    dependencies:
      '@types/node': 22.10.1

  '@xmldom/xmldom@0.8.10': {}

  acorn-typescript@1.4.13(acorn@8.14.0):
    dependencies:
      acorn: 8.14.0

  acorn@8.14.0: {}

  adler-32@1.3.1: {}

  aria-query@5.3.2: {}

  axobject-query@4.1.0: {}

  bluebird@3.7.2: {}

  braces@3.0.3:
    dependencies:
      fill-range: 7.1.1
    optional: true

  cfb@1.2.2:
    dependencies:
      adler-32: 1.3.1
      crc-32: 1.2.2

  chokidar@4.0.1:
    dependencies:
      readdirp: 4.0.2

  codepage@1.15.0: {}

  cookie@0.6.0: {}

  cookie@0.7.2: {}

  core-util-is@1.0.3: {}

  crc-32@1.2.2: {}

  debug@4.4.0:
    dependencies:
      ms: 2.1.3

  deepmerge@4.3.1: {}

  detect-libc@1.0.3:
    optional: true

  devalue@5.1.1: {}

  duplexer2@0.1.4:
    dependencies:
      readable-stream: 2.3.8

  esbuild@0.21.5:
    optionalDependencies:
      '@esbuild/aix-ppc64': 0.21.5
      '@esbuild/android-arm': 0.21.5
      '@esbuild/android-arm64': 0.21.5
      '@esbuild/android-x64': 0.21.5
      '@esbuild/darwin-arm64': 0.21.5
      '@esbuild/darwin-x64': 0.21.5
      '@esbuild/freebsd-arm64': 0.21.5
      '@esbuild/freebsd-x64': 0.21.5
      '@esbuild/linux-arm': 0.21.5
      '@esbuild/linux-arm64': 0.21.5
      '@esbuild/linux-ia32': 0.21.5
      '@esbuild/linux-loong64': 0.21.5
      '@esbuild/linux-mips64el': 0.21.5
      '@esbuild/linux-ppc64': 0.21.5
      '@esbuild/linux-riscv64': 0.21.5
      '@esbuild/linux-s390x': 0.21.5
      '@esbuild/linux-x64': 0.21.5
      '@esbuild/netbsd-x64': 0.21.5
      '@esbuild/openbsd-x64': 0.21.5
      '@esbuild/sunos-x64': 0.21.5
      '@esbuild/win32-arm64': 0.21.5
      '@esbuild/win32-ia32': 0.21.5
      '@esbuild/win32-x64': 0.21.5

  esm-env@1.2.1: {}

  esrap@1.2.3:
    dependencies:
      '@jridgewell/sourcemap-codec': 1.5.0
      '@types/estree': 1.0.6

  fdir@6.4.2: {}

  fflate@0.7.4: {}

  fill-range@7.1.1:
    dependencies:
      to-regex-range: 5.0.1
    optional: true

  frac@1.1.2: {}

  fs-extra@11.2.0:
    dependencies:
      graceful-fs: 4.2.11
      jsonfile: 6.1.0
      universalify: 2.0.1

  fsevents@2.3.3:
    optional: true

  globalyzer@0.1.0: {}

  globrex@0.1.2: {}

  graceful-fs@4.2.11: {}

  immutable@5.0.3: {}

  import-meta-resolve@4.1.0: {}

  inherits@2.0.4: {}

  is-extglob@2.1.1:
    optional: true

  is-glob@4.0.3:
    dependencies:
      is-extglob: 2.1.1
    optional: true

  is-number@7.0.0:
    optional: true

  is-reference@3.0.3:
    dependencies:
      '@types/estree': 1.0.6

  isarray@1.0.0: {}

  jsonfile@6.1.0:
    dependencies:
      universalify: 2.0.1
    optionalDependencies:
      graceful-fs: 4.2.11

  kleur@4.1.5: {}

  locate-character@3.0.0: {}

  magic-string@0.30.14:
    dependencies:
      '@jridgewell/sourcemap-codec': 1.5.0

  micromatch@4.0.8:
    dependencies:
      braces: 3.0.3
      picomatch: 2.3.1
    optional: true

  mri@1.2.0: {}

  mrmime@2.0.0: {}

  ms@2.1.3: {}

  nanoid@3.3.8: {}

  node-addon-api@7.1.1:
    optional: true

  node-int64@0.4.0: {}

  picocolors@1.1.1: {}

  picomatch@2.3.1:
    optional: true

  postcss@8.4.49:
    dependencies:
      nanoid: 3.3.8
      picocolors: 1.1.1
      source-map-js: 1.2.1

  process-nextick-args@2.0.1: {}

  read-excel-file@5.8.6:
    dependencies:
      '@xmldom/xmldom': 0.8.10
      fflate: 0.7.4
      unzipper: 0.12.3

  readable-stream@2.3.8:
    dependencies:
      core-util-is: 1.0.3
      inherits: 2.0.4
      isarray: 1.0.0
      process-nextick-args: 2.0.1
      safe-buffer: 5.1.2
      string_decoder: 1.1.1
      util-deprecate: 1.0.2

  readdirp@4.0.2: {}

  rollup@4.28.1:
    dependencies:
      '@types/estree': 1.0.6
    optionalDependencies:
      '@rollup/rollup-android-arm-eabi': 4.28.1
      '@rollup/rollup-android-arm64': 4.28.1
      '@rollup/rollup-darwin-arm64': 4.28.1
      '@rollup/rollup-darwin-x64': 4.28.1
      '@rollup/rollup-freebsd-arm64': 4.28.1
      '@rollup/rollup-freebsd-x64': 4.28.1
      '@rollup/rollup-linux-arm-gnueabihf': 4.28.1
      '@rollup/rollup-linux-arm-musleabihf': 4.28.1
      '@rollup/rollup-linux-arm64-gnu': 4.28.1
      '@rollup/rollup-linux-arm64-musl': 4.28.1
      '@rollup/rollup-linux-loongarch64-gnu': 4.28.1
      '@rollup/rollup-linux-powerpc64le-gnu': 4.28.1
      '@rollup/rollup-linux-riscv64-gnu': 4.28.1
      '@rollup/rollup-linux-s390x-gnu': 4.28.1
      '@rollup/rollup-linux-x64-gnu': 4.28.1
      '@rollup/rollup-linux-x64-musl': 4.28.1
      '@rollup/rollup-win32-arm64-msvc': 4.28.1
      '@rollup/rollup-win32-ia32-msvc': 4.28.1
      '@rollup/rollup-win32-x64-msvc': 4.28.1
      fsevents: 2.3.3

  sade@1.8.1:
    dependencies:
      mri: 1.2.0

  safe-buffer@5.1.2: {}

  sass@1.82.0:
    dependencies:
      chokidar: 4.0.1
      immutable: 5.0.3
      source-map-js: 1.2.1
    optionalDependencies:
      '@parcel/watcher': 2.5.0

  set-cookie-parser@2.7.1: {}

  sirv@3.0.0:
    dependencies:
      '@polka/url': 1.0.0-next.28
      mrmime: 2.0.0
      totalist: 3.0.1

  source-map-js@1.2.1: {}

  ssf@0.11.2:
    dependencies:
      frac: 1.1.2

  string_decoder@1.1.1:
    dependencies:
      safe-buffer: 5.1.2

  svelte-check@4.1.1(svelte@5.9.1)(typescript@5.7.2):
    dependencies:
      '@jridgewell/trace-mapping': 0.3.25
      chokidar: 4.0.1
      fdir: 6.4.2
      picocolors: 1.1.1
      sade: 1.8.1
      svelte: 5.9.1
      typescript: 5.7.2
    transitivePeerDependencies:
      - picomatch

  svelte@5.9.1:
    dependencies:
      '@ampproject/remapping': 2.3.0
      '@jridgewell/sourcemap-codec': 1.5.0
      '@types/estree': 1.0.6
      acorn: 8.14.0
      acorn-typescript: 1.4.13(acorn@8.14.0)
      aria-query: 5.3.2
      axobject-query: 4.1.0
      esm-env: 1.2.1
      esrap: 1.2.3
      is-reference: 3.0.3
      locate-character: 3.0.0
      magic-string: 0.30.14
      zimmerframe: 1.1.2

  tiny-glob@0.2.9:
    dependencies:
      globalyzer: 0.1.0
      globrex: 0.1.2

  to-regex-range@5.0.1:
    dependencies:
      is-number: 7.0.0
    optional: true

  totalist@3.0.1: {}

  tr46@0.0.3: {}

  typescript@5.7.2: {}

  undici-types@6.20.0: {}

  universalify@2.0.1: {}

  unzipper@0.12.3:
    dependencies:
      bluebird: 3.7.2
      duplexer2: 0.1.4
      fs-extra: 11.2.0
      graceful-fs: 4.2.11
      node-int64: 0.4.0

  util-deprecate@1.0.2: {}

  vite@5.4.11(@types/node@22.10.1)(sass@1.82.0):
    dependencies:
      esbuild: 0.21.5
      postcss: 8.4.49
      rollup: 4.28.1
    optionalDependencies:
      '@types/node': 22.10.1
      fsevents: 2.3.3
      sass: 1.82.0

  vitefu@1.0.4(vite@5.4.11(@types/node@22.10.1)(sass@1.82.0)):
    optionalDependencies:
      vite: 5.4.11(@types/node@22.10.1)(sass@1.82.0)

  webidl-conversions@3.0.1: {}

  whatwg-url@5.0.0:
    dependencies:
      tr46: 0.0.3
      webidl-conversions: 3.0.1

  wmf@1.0.2: {}

  word@0.3.0: {}

  ws@8.18.0: {}

  xlsx@0.18.5:
    dependencies:
      adler-32: 1.3.1
      cfb: 1.2.2
      codepage: 1.15.0
      crc-32: 1.2.2
      ssf: 0.11.2
      wmf: 1.0.2
      word: 0.3.0

  zimmerframe@1.1.2: {}
